
Microsoft Visual Studio Solution File, Format Version 12.00
# Visual Studio 15
VisualStudioVersion = 15.0.27703.2018
MinimumVisualStudioVersion = 10.0.40219.1
Project("{FAE04EC0-301F-11D3-BF4B-00C04F79EFBC}") = "ConsoleApp1", "ConsoleApp1\ConsoleApp1.csproj", "{A1742098-7686-4776-AFBB-370120BD0E17}"
EndProject
Project("{9A19103F-16F7-4668-BE54-9A1E7A4F7556}") = "ConsoleApp2", "ConsoleApp2\ConsoleApp2.csproj", "{4140CCD3-8F2D-4C0D-BAF1-AFFB15414496}"
EndProject
Project("{FAE04EC0-301F-11D3-BF4B-00C04F79EFBC}") = "WebApp1", "WebApp1\WebApp1.csproj", "{218743D2-074D-4BA7-ADF8-D3D8AA251EB3}"
EndProject
Project("{FAE04EC0-301F-11D3-BF4B-00C04F79EFBC}") = "WebApp2.SelfHost", "WebApp2.SelfHost\WebApp2.SelfHost.csproj", "{6197BA92-DD27-4557-957E-F552FE7EA6AF}"
EndProject
Project("{FAE04EC0-301F-11D3-BF4B-00C04F79EFBC}") = "WebApp3.Aysnc", "WebApp3.Aysnc\WebApp3.Aysnc.csproj", "{7BA981B6-F81F-4BDA-8B08-022D0A24F1EB}"
EndProject
Project("{FAE04EC0-301F-11D3-BF4B-00C04F79EFBC}") = "WinFormApp1.Win32Messaging", "WinFormApp1.Win32Messaging\WinFormApp1.Win32Messaging.csproj", "{AC901C81-1153-4F6F-9540-9DB84777150F}"
EndProject
Project("{9A19103F-16F7-4668-BE54-9A1E7A4F7556}") = "WebApp4.EfCoreDbFirst", "WebApp4.EfCoreDbFirst\WebApp4.EfCoreDbFirst.csproj", "{95DDB21E-0447-4A4B-A38D-A22C55925BB8}"
EndProject
Global
	GlobalSection(SolutionConfigurationPlatforms) = preSolution
		Debug|Any CPU = Debug|Any CPU
		Release|Any CPU = Release|Any CPU
	EndGlobalSection
	GlobalSection(ProjectConfigurationPlatforms) = postSolution
		{A1742098-7686-4776-AFBB-370120BD0E17}.Debug|Any CPU.ActiveCfg = Debug|Any CPU
		{A1742098-7686-4776-AFBB-370120BD0E17}.Debug|Any CPU.Build.0 = Debug|Any CPU
		{A1742098-7686-4776-AFBB-370120BD0E17}.Release|Any CPU.ActiveCfg = Release|Any CPU
		{A1742098-7686-4776-AFBB-370120BD0E17}.Release|Any CPU.Build.0 = Release|Any CPU
		{4140CCD3-8F2D-4C0D-BAF1-AFFB15414496}.Debug|Any CPU.ActiveCfg = Debug|Any CPU
		{4140CCD3-8F2D-4C0D-BAF1-AFFB15414496}.Debug|Any CPU.Build.0 = Debug|Any CPU
		{4140CCD3-8F2D-4C0D-BAF1-AFFB15414496}.Release|Any CPU.ActiveCfg = Release|Any CPU
		{4140CCD3-8F2D-4C0D-BAF1-AFFB15414496}.Release|Any CPU.Build.0 = Release|Any CPU
		{218743D2-074D-4BA7-ADF8-D3D8AA251EB3}.Debug|Any CPU.ActiveCfg = Debug|Any CPU
		{218743D2-074D-4BA7-ADF8-D3D8AA251EB3}.Debug|Any CPU.Build.0 = Debug|Any CPU
		{218743D2-074D-4BA7-ADF8-D3D8AA251EB3}.Release|Any CPU.ActiveCfg = Release|Any CPU
		{218743D2-074D-4BA7-ADF8-D3D8AA251EB3}.Release|Any CPU.Build.0 = Release|Any CPU
		{6197BA92-DD27-4557-957E-F552FE7EA6AF}.Debug|Any CPU.ActiveCfg = Debug|Any CPU
		{6197BA92-DD27-4557-957E-F552FE7EA6AF}.Debug|Any CPU.Build.0 = Debug|Any CPU
		{6197BA92-DD27-4557-957E-F552FE7EA6AF}.Release|Any CPU.ActiveCfg = Release|Any CPU
		{6197BA92-DD27-4557-957E-F552FE7EA6AF}.Release|Any CPU.Build.0 = Release|Any CPU
		{7BA981B6-F81F-4BDA-8B08-022D0A24F1EB}.Debug|Any CPU.ActiveCfg = Debug|Any CPU
		{7BA981B6-F81F-4BDA-8B08-022D0A24F1EB}.Debug|Any CPU.Build.0 = Debug|Any CPU
		{7BA981B6-F81F-4BDA-8B08-022D0A24F1EB}.Release|Any CPU.ActiveCfg = Release|Any CPU
		{7BA981B6-F81F-4BDA-8B08-022D0A24F1EB}.Release|Any CPU.Build.0 = Release|Any CPU
		{AC901C81-1153-4F6F-9540-9DB84777150F}.Debug|Any CPU.ActiveCfg = Debug|Any CPU
		{AC901C81-1153-4F6F-9540-9DB84777150F}.Debug|Any CPU.Build.0 = Debug|Any CPU
		{AC901C81-1153-4F6F-9540-9DB84777150F}.Release|Any CPU.ActiveCfg = Release|Any CPU
		{AC901C81-1153-4F6F-9540-9DB84777150F}.Release|Any CPU.Build.0 = Release|Any CPU
		{95DDB21E-0447-4A4B-A38D-A22C55925BB8}.Debug|Any CPU.ActiveCfg = Debug|Any CPU
		{95DDB21E-0447-4A4B-A38D-A22C55925BB8}.Debug|Any CPU.Build.0 = Debug|Any CPU
		{95DDB21E-0447-4A4B-A38D-A22C55925BB8}.Release|Any CPU.ActiveCfg = Release|Any CPU
		{95DDB21E-0447-4A4B-A38D-A22C55925BB8}.Release|Any CPU.Build.0 = Release|Any CPU
	EndGlobalSection
	GlobalSection(SolutionProperties) = preSolution
		HideSolutionNode = FALSE
	EndGlobalSection
	GlobalSection(ExtensibilityGlobals) = postSolution
		SolutionGuid = {75E7B045-CEFB-404D-B0DA-89541853305F}
	EndGlobalSection
EndGlobal
