
Microsoft Visual Studio Solution File, Format Version 12.00
# Visual Studio Version 16
VisualStudioVersion = 16.0.29613.14
MinimumVisualStudioVersion = 10.0.40219.1
Project("{9A19103F-16F7-4668-BE54-9A1E7A4F7556}") = "ConsoleAppNetCore", "ConsoleAppNetCore\ConsoleAppNetCore.csproj", "{54BD9792-1145-4DE8-BD68-1F4EBFE55CA5}"
EndProject
Project("{FAE04EC0-301F-11D3-BF4B-00C04F79EFBC}") = "ConsoleAppNetFramework", "ConsoleAppNetFramework\ConsoleAppNetFramework.csproj", "{A1742098-7686-4776-AFBB-370120BD0E17}"
EndProject
Project("{9A19103F-16F7-4668-BE54-9A1E7A4F7556}") = "WebAppAspNetCore", "WebAppAspNetCore\WebAppAspNetCore.csproj", "{291EAAFA-7712-4B5E-9B9E-748019499158}"
EndProject
Project("{FAE04EC0-301F-11D3-BF4B-00C04F79EFBC}") = "WebAppSelfHost", "WebAppSelfHost\WebAppSelfHost.csproj", "{6197BA92-DD27-4557-957E-F552FE7EA6AF}"
EndProject
Project("{FAE04EC0-301F-11D3-BF4B-00C04F79EFBC}") = "WebAppWebHost", "WebAppWebHost\WebAppWebHost.csproj", "{218743D2-074D-4BA7-ADF8-D3D8AA251EB3}"
EndProject
Project("{FAE04EC0-301F-11D3-BF4B-00C04F79EFBC}") = "WinFormAppNetFramework", "WinFormAppNetFramework\WinFormAppNetFramework.csproj", "{AC901C81-1153-4F6F-9540-9DB84777150F}"
EndProject
Project("{2150E333-8FDC-42A3-9474-1A3956D46DE8}") = "PdfTests", "PdfTests", "{434B479C-62E8-419B-A31C-22C923A6F13D}"
EndProject
Project("{2150E333-8FDC-42A3-9474-1A3956D46DE8}") = "AzureTests", "AzureTests", "{544F422A-C7BE-42FD-9FA9-6AA8E10F0C76}"
EndProject
Project("{9A19103F-16F7-4668-BE54-9A1E7A4F7556}") = "AzureTableNetCore", "AzureTests\AzureTableNetCore\AzureTableNetCore.csproj", "{07A43863-171D-4E8A-AB93-8B83778074C5}"
EndProject
Project("{9A19103F-16F7-4668-BE54-9A1E7A4F7556}") = "PdfWebTest", "PdfTests\PdfWebTest\PdfWebTest.csproj", "{8BFC236E-F1A0-419C-9072-17E78A26B7A6}"
EndProject
Project("{9A19103F-16F7-4668-BE54-9A1E7A4F7556}") = "PdfConsoleTest", "PdfTests\PdfConsoleTest\PdfConsoleTest.csproj", "{8E29A0EC-CF14-47AB-A198-0AB5064A26C4}"
EndProject
Project("{2150E333-8FDC-42A3-9474-1A3956D46DE8}") = "MySqlTests", "MySqlTests", "{01AC0C21-3666-4BD8-9A3C-DD8FF0A01950}"
EndProject
Project("{9A19103F-16F7-4668-BE54-9A1E7A4F7556}") = "MySqlTest", "MySqlTests\MySqlTest\MySqlTest.csproj", "{0C436023-848F-420C-986E-A3B3E9ECFA12}"
EndProject
Project("{2150E333-8FDC-42A3-9474-1A3956D46DE8}") = "AsyncAwait", "AsyncAwait", "{72CDE06C-F9CE-4AC1-98F1-091F0D53D29F}"
	ProjectSection(SolutionItems) = preProject
		reference.md = reference.md
	EndProjectSection
EndProject
Project("{FAE04EC0-301F-11D3-BF4B-00C04F79EFBC}") = "WinformFrx", "AsyncAwait\WinformFrx\WinformFrx.csproj", "{3974CE68-8F69-4A9B-B9F7-91934CA583D0}"
EndProject
Project("{9A19103F-16F7-4668-BE54-9A1E7A4F7556}") = "WebAppCore", "AsyncAwait\WebAppCore\WebAppCore.csproj", "{57AD536F-6A25-4816-BA03-4DEDFE91F0BB}"
EndProject
Project("{FAE04EC0-301F-11D3-BF4B-00C04F79EFBC}") = "WebAppFrx", "AsyncAwait\WebAppFrx\WebAppFrx.csproj", "{84C681AE-A612-4015-95E5-94BF7DC915FF}"
EndProject
Project("{2150E333-8FDC-42A3-9474-1A3956D46DE8}") = "ResourcesTests", "ResourcesTests", "{B39EC6B1-8D37-402C-AE56-193558A9DBD4}"
EndProject
Project("{9A19103F-16F7-4668-BE54-9A1E7A4F7556}") = "ResourceWebTest", "ResourcesTests\ResourceWebTest\ResourceWebTest.csproj", "{E7868805-E718-4BF5-B1B1-4906CCB8D86B}"
EndProject
Project("{9A19103F-16F7-4668-BE54-9A1E7A4F7556}") = "WebAppSelfContained", "WebAppSelfContained\WebAppSelfContained.csproj", "{6087B414-DF5B-4467-B13C-9191CAA791FB}"
EndProject
Project("{2150E333-8FDC-42A3-9474-1A3956D46DE8}") = "ValidationClients", "ValidationClients", "{FEA11AD7-AFA1-468B-BDDE-C549D6FD913D}"
EndProject
Project("{9A19103F-16F7-4668-BE54-9A1E7A4F7556}") = "WebApiClient", "WebApiClient\WebApiClient.csproj", "{08DFC574-2104-475B-834D-792FE38805C7}"
EndProject
Project("{9A19103F-16F7-4668-BE54-9A1E7A4F7556}") = "WebHostWebApiClient", "ValidationClients\WebHostWebApiClient\WebHostWebApiClient.csproj", "{4F8D743A-6FAA-4618-985C-0031335F12F4}"
EndProject
Project("{2150E333-8FDC-42A3-9474-1A3956D46DE8}") = "Utilities", "Utilities", "{3BE5781A-3F1C-4936-99CA-D584A2F62D0E}"
EndProject
Project("{9A19103F-16F7-4668-BE54-9A1E7A4F7556}") = "MyGuidGenerator", "Utilities\MyGuidGenerator\MyGuidGenerator.csproj", "{A926D908-F621-452D-9FBD-AAE63753F1D4}"
EndProject
Project("{2150E333-8FDC-42A3-9474-1A3956D46DE8}") = "BlazorsXuexi", "BlazorsXuexi", "{62176BC1-4127-4CA4-8144-CB3DE9415730}"
EndProject
Project("{9A19103F-16F7-4668-BE54-9A1E7A4F7556}") = "TodoList", "BlazorsXuexi\TodoList\TodoList.csproj", "{35C813A8-D5AF-49AD-98CF-AC2D75FD2E0A}"
EndProject
Project("{FAE04EC0-301F-11D3-BF4B-00C04F79EFBC}") = "AzureQueueTest", "AzureTests\AzureQueueTest\AzureQueueTest.csproj", "{3F4CB9EB-9C95-4624-856D-DA1170DF2B9A}"
EndProject
Global
	GlobalSection(SolutionConfigurationPlatforms) = preSolution
		Debug|Any CPU = Debug|Any CPU
		Release|Any CPU = Release|Any CPU
	EndGlobalSection
	GlobalSection(ProjectConfigurationPlatforms) = postSolution
		{54BD9792-1145-4DE8-BD68-1F4EBFE55CA5}.Debug|Any CPU.ActiveCfg = Debug|Any CPU
		{54BD9792-1145-4DE8-BD68-1F4EBFE55CA5}.Debug|Any CPU.Build.0 = Debug|Any CPU
		{54BD9792-1145-4DE8-BD68-1F4EBFE55CA5}.Release|Any CPU.ActiveCfg = Release|Any CPU
		{54BD9792-1145-4DE8-BD68-1F4EBFE55CA5}.Release|Any CPU.Build.0 = Release|Any CPU
		{A1742098-7686-4776-AFBB-370120BD0E17}.Debug|Any CPU.ActiveCfg = Debug|Any CPU
		{A1742098-7686-4776-AFBB-370120BD0E17}.Debug|Any CPU.Build.0 = Debug|Any CPU
		{A1742098-7686-4776-AFBB-370120BD0E17}.Release|Any CPU.ActiveCfg = Release|Any CPU
		{A1742098-7686-4776-AFBB-370120BD0E17}.Release|Any CPU.Build.0 = Release|Any CPU
		{291EAAFA-7712-4B5E-9B9E-748019499158}.Debug|Any CPU.ActiveCfg = Debug|Any CPU
		{291EAAFA-7712-4B5E-9B9E-748019499158}.Debug|Any CPU.Build.0 = Debug|Any CPU
		{291EAAFA-7712-4B5E-9B9E-748019499158}.Release|Any CPU.ActiveCfg = Release|Any CPU
		{291EAAFA-7712-4B5E-9B9E-748019499158}.Release|Any CPU.Build.0 = Release|Any CPU
		{6197BA92-DD27-4557-957E-F552FE7EA6AF}.Debug|Any CPU.ActiveCfg = Debug|Any CPU
		{6197BA92-DD27-4557-957E-F552FE7EA6AF}.Debug|Any CPU.Build.0 = Debug|Any CPU
		{6197BA92-DD27-4557-957E-F552FE7EA6AF}.Release|Any CPU.ActiveCfg = Release|Any CPU
		{6197BA92-DD27-4557-957E-F552FE7EA6AF}.Release|Any CPU.Build.0 = Release|Any CPU
		{218743D2-074D-4BA7-ADF8-D3D8AA251EB3}.Debug|Any CPU.ActiveCfg = Debug|Any CPU
		{218743D2-074D-4BA7-ADF8-D3D8AA251EB3}.Debug|Any CPU.Build.0 = Debug|Any CPU
		{218743D2-074D-4BA7-ADF8-D3D8AA251EB3}.Release|Any CPU.ActiveCfg = Release|Any CPU
		{218743D2-074D-4BA7-ADF8-D3D8AA251EB3}.Release|Any CPU.Build.0 = Release|Any CPU
		{AC901C81-1153-4F6F-9540-9DB84777150F}.Debug|Any CPU.ActiveCfg = Debug|Any CPU
		{AC901C81-1153-4F6F-9540-9DB84777150F}.Debug|Any CPU.Build.0 = Debug|Any CPU
		{AC901C81-1153-4F6F-9540-9DB84777150F}.Release|Any CPU.ActiveCfg = Release|Any CPU
		{AC901C81-1153-4F6F-9540-9DB84777150F}.Release|Any CPU.Build.0 = Release|Any CPU
		{07A43863-171D-4E8A-AB93-8B83778074C5}.Debug|Any CPU.ActiveCfg = Debug|Any CPU
		{07A43863-171D-4E8A-AB93-8B83778074C5}.Debug|Any CPU.Build.0 = Debug|Any CPU
		{07A43863-171D-4E8A-AB93-8B83778074C5}.Release|Any CPU.ActiveCfg = Release|Any CPU
		{07A43863-171D-4E8A-AB93-8B83778074C5}.Release|Any CPU.Build.0 = Release|Any CPU
		{8BFC236E-F1A0-419C-9072-17E78A26B7A6}.Debug|Any CPU.ActiveCfg = Debug|Any CPU
		{8BFC236E-F1A0-419C-9072-17E78A26B7A6}.Debug|Any CPU.Build.0 = Debug|Any CPU
		{8BFC236E-F1A0-419C-9072-17E78A26B7A6}.Release|Any CPU.ActiveCfg = Release|Any CPU
		{8BFC236E-F1A0-419C-9072-17E78A26B7A6}.Release|Any CPU.Build.0 = Release|Any CPU
		{8E29A0EC-CF14-47AB-A198-0AB5064A26C4}.Debug|Any CPU.ActiveCfg = Debug|Any CPU
		{8E29A0EC-CF14-47AB-A198-0AB5064A26C4}.Debug|Any CPU.Build.0 = Debug|Any CPU
		{8E29A0EC-CF14-47AB-A198-0AB5064A26C4}.Release|Any CPU.ActiveCfg = Release|Any CPU
		{8E29A0EC-CF14-47AB-A198-0AB5064A26C4}.Release|Any CPU.Build.0 = Release|Any CPU
		{0C436023-848F-420C-986E-A3B3E9ECFA12}.Debug|Any CPU.ActiveCfg = Debug|Any CPU
		{0C436023-848F-420C-986E-A3B3E9ECFA12}.Debug|Any CPU.Build.0 = Debug|Any CPU
		{0C436023-848F-420C-986E-A3B3E9ECFA12}.Release|Any CPU.ActiveCfg = Release|Any CPU
		{0C436023-848F-420C-986E-A3B3E9ECFA12}.Release|Any CPU.Build.0 = Release|Any CPU
		{3974CE68-8F69-4A9B-B9F7-91934CA583D0}.Debug|Any CPU.ActiveCfg = Debug|Any CPU
		{3974CE68-8F69-4A9B-B9F7-91934CA583D0}.Debug|Any CPU.Build.0 = Debug|Any CPU
		{3974CE68-8F69-4A9B-B9F7-91934CA583D0}.Release|Any CPU.ActiveCfg = Release|Any CPU
		{3974CE68-8F69-4A9B-B9F7-91934CA583D0}.Release|Any CPU.Build.0 = Release|Any CPU
		{57AD536F-6A25-4816-BA03-4DEDFE91F0BB}.Debug|Any CPU.ActiveCfg = Debug|Any CPU
		{57AD536F-6A25-4816-BA03-4DEDFE91F0BB}.Debug|Any CPU.Build.0 = Debug|Any CPU
		{57AD536F-6A25-4816-BA03-4DEDFE91F0BB}.Release|Any CPU.ActiveCfg = Release|Any CPU
		{57AD536F-6A25-4816-BA03-4DEDFE91F0BB}.Release|Any CPU.Build.0 = Release|Any CPU
		{84C681AE-A612-4015-95E5-94BF7DC915FF}.Debug|Any CPU.ActiveCfg = Debug|Any CPU
		{84C681AE-A612-4015-95E5-94BF7DC915FF}.Debug|Any CPU.Build.0 = Debug|Any CPU
		{84C681AE-A612-4015-95E5-94BF7DC915FF}.Release|Any CPU.ActiveCfg = Release|Any CPU
		{84C681AE-A612-4015-95E5-94BF7DC915FF}.Release|Any CPU.Build.0 = Release|Any CPU
		{E7868805-E718-4BF5-B1B1-4906CCB8D86B}.Debug|Any CPU.ActiveCfg = Debug|Any CPU
		{E7868805-E718-4BF5-B1B1-4906CCB8D86B}.Debug|Any CPU.Build.0 = Debug|Any CPU
		{E7868805-E718-4BF5-B1B1-4906CCB8D86B}.Release|Any CPU.ActiveCfg = Release|Any CPU
		{E7868805-E718-4BF5-B1B1-4906CCB8D86B}.Release|Any CPU.Build.0 = Release|Any CPU
		{6087B414-DF5B-4467-B13C-9191CAA791FB}.Debug|Any CPU.ActiveCfg = Debug|Any CPU
		{6087B414-DF5B-4467-B13C-9191CAA791FB}.Debug|Any CPU.Build.0 = Debug|Any CPU
		{6087B414-DF5B-4467-B13C-9191CAA791FB}.Release|Any CPU.ActiveCfg = Release|Any CPU
		{6087B414-DF5B-4467-B13C-9191CAA791FB}.Release|Any CPU.Build.0 = Release|Any CPU
		{08DFC574-2104-475B-834D-792FE38805C7}.Debug|Any CPU.ActiveCfg = Debug|Any CPU
		{08DFC574-2104-475B-834D-792FE38805C7}.Debug|Any CPU.Build.0 = Debug|Any CPU
		{08DFC574-2104-475B-834D-792FE38805C7}.Release|Any CPU.ActiveCfg = Release|Any CPU
		{08DFC574-2104-475B-834D-792FE38805C7}.Release|Any CPU.Build.0 = Release|Any CPU
		{4F8D743A-6FAA-4618-985C-0031335F12F4}.Debug|Any CPU.ActiveCfg = Debug|Any CPU
		{4F8D743A-6FAA-4618-985C-0031335F12F4}.Debug|Any CPU.Build.0 = Debug|Any CPU
		{4F8D743A-6FAA-4618-985C-0031335F12F4}.Release|Any CPU.ActiveCfg = Release|Any CPU
		{4F8D743A-6FAA-4618-985C-0031335F12F4}.Release|Any CPU.Build.0 = Release|Any CPU
		{A926D908-F621-452D-9FBD-AAE63753F1D4}.Debug|Any CPU.ActiveCfg = Debug|Any CPU
		{A926D908-F621-452D-9FBD-AAE63753F1D4}.Debug|Any CPU.Build.0 = Debug|Any CPU
		{A926D908-F621-452D-9FBD-AAE63753F1D4}.Release|Any CPU.ActiveCfg = Release|Any CPU
		{A926D908-F621-452D-9FBD-AAE63753F1D4}.Release|Any CPU.Build.0 = Release|Any CPU
		{35C813A8-D5AF-49AD-98CF-AC2D75FD2E0A}.Debug|Any CPU.ActiveCfg = Debug|Any CPU
		{35C813A8-D5AF-49AD-98CF-AC2D75FD2E0A}.Debug|Any CPU.Build.0 = Debug|Any CPU
		{35C813A8-D5AF-49AD-98CF-AC2D75FD2E0A}.Release|Any CPU.ActiveCfg = Release|Any CPU
		{35C813A8-D5AF-49AD-98CF-AC2D75FD2E0A}.Release|Any CPU.Build.0 = Release|Any CPU
		{3F4CB9EB-9C95-4624-856D-DA1170DF2B9A}.Debug|Any CPU.ActiveCfg = Debug|Any CPU
		{3F4CB9EB-9C95-4624-856D-DA1170DF2B9A}.Debug|Any CPU.Build.0 = Debug|Any CPU
		{3F4CB9EB-9C95-4624-856D-DA1170DF2B9A}.Release|Any CPU.ActiveCfg = Release|Any CPU
		{3F4CB9EB-9C95-4624-856D-DA1170DF2B9A}.Release|Any CPU.Build.0 = Release|Any CPU
	EndGlobalSection
	GlobalSection(SolutionProperties) = preSolution
		HideSolutionNode = FALSE
	EndGlobalSection
	GlobalSection(NestedProjects) = preSolution
		{07A43863-171D-4E8A-AB93-8B83778074C5} = {544F422A-C7BE-42FD-9FA9-6AA8E10F0C76}
		{8BFC236E-F1A0-419C-9072-17E78A26B7A6} = {434B479C-62E8-419B-A31C-22C923A6F13D}
		{8E29A0EC-CF14-47AB-A198-0AB5064A26C4} = {434B479C-62E8-419B-A31C-22C923A6F13D}
		{0C436023-848F-420C-986E-A3B3E9ECFA12} = {01AC0C21-3666-4BD8-9A3C-DD8FF0A01950}
		{3974CE68-8F69-4A9B-B9F7-91934CA583D0} = {72CDE06C-F9CE-4AC1-98F1-091F0D53D29F}
		{57AD536F-6A25-4816-BA03-4DEDFE91F0BB} = {72CDE06C-F9CE-4AC1-98F1-091F0D53D29F}
		{84C681AE-A612-4015-95E5-94BF7DC915FF} = {72CDE06C-F9CE-4AC1-98F1-091F0D53D29F}
		{E7868805-E718-4BF5-B1B1-4906CCB8D86B} = {B39EC6B1-8D37-402C-AE56-193558A9DBD4}
		{08DFC574-2104-475B-834D-792FE38805C7} = {FEA11AD7-AFA1-468B-BDDE-C549D6FD913D}
		{4F8D743A-6FAA-4618-985C-0031335F12F4} = {FEA11AD7-AFA1-468B-BDDE-C549D6FD913D}
		{A926D908-F621-452D-9FBD-AAE63753F1D4} = {3BE5781A-3F1C-4936-99CA-D584A2F62D0E}
		{35C813A8-D5AF-49AD-98CF-AC2D75FD2E0A} = {62176BC1-4127-4CA4-8144-CB3DE9415730}
		{3F4CB9EB-9C95-4624-856D-DA1170DF2B9A} = {544F422A-C7BE-42FD-9FA9-6AA8E10F0C76}
	EndGlobalSection
	GlobalSection(ExtensibilityGlobals) = postSolution
		SolutionGuid = {278600B7-EE0C-424A-A4B8-D99964DCF98B}
	EndGlobalSection
EndGlobal
