
Microsoft Visual Studio Solution File, Format Version 12.00
# Visual Studio Version 16
VisualStudioVersion = 16.0.29613.14
MinimumVisualStudioVersion = 10.0.40219.1
Project("{9A19103F-16F7-4668-BE54-9A1E7A4F7556}") = "ConsoleAppNetCore", "ConsoleAppNetCore\ConsoleAppNetCore.csproj", "{54BD9792-1145-4DE8-BD68-1F4EBFE55CA5}"
EndProject
Project("{FAE04EC0-301F-11D3-BF4B-00C04F79EFBC}") = "ConsoleAppNetFramework", "ConsoleAppNetFramework\ConsoleAppNetFramework.csproj", "{A1742098-7686-4776-AFBB-370120BD0E17}"
EndProject
Project("{9A19103F-16F7-4668-BE54-9A1E7A4F7556}") = "WebAppAspNetCore", "WebAppAspNetCore\WebAppAspNetCore.csproj", "{291EAAFA-7712-4B5E-9B9E-748019499158}"
EndProject
Project("{FAE04EC0-301F-11D3-BF4B-00C04F79EFBC}") = "WebAppSelfHost", "WebAppSelfHost\WebAppSelfHost.csproj", "{6197BA92-DD27-4557-957E-F552FE7EA6AF}"
EndProject
Project("{FAE04EC0-301F-11D3-BF4B-00C04F79EFBC}") = "WebAppWebHost", "WebAppWebHost\WebAppWebHost.csproj", "{218743D2-074D-4BA7-ADF8-D3D8AA251EB3}"
EndProject
Project("{FAE04EC0-301F-11D3-BF4B-00C04F79EFBC}") = "WinFormAppNetFramework", "WinFormAppNetFramework\WinFormAppNetFramework.csproj", "{AC901C81-1153-4F6F-9540-9DB84777150F}"
EndProject
Project("{2150E333-8FDC-42A3-9474-1A3956D46DE8}") = "Solution Items", "Solution Items", "{1064372D-3810-44A0-A2D9-52ABB98D66F5}"
	ProjectSection(SolutionItems) = preProject
		README.md = README.md
	EndProjectSection
EndProject
Project("{9A19103F-16F7-4668-BE54-9A1E7A4F7556}") = "MySqlTest", "MySqlTest\MySqlTest.csproj", "{3E1FD770-F847-4578-A5B6-A98879263814}"
EndProject
Project("{9A19103F-16F7-4668-BE54-9A1E7A4F7556}") = "AzureTableNetCore", "AzureTableNetCore\AzureTableNetCore.csproj", "{18137088-0A02-419F-BCFC-10EFAD3476C0}"
EndProject
Project("{FAE04EC0-301F-11D3-BF4B-00C04F79EFBC}") = "PdfTest", "PdfTest\PdfTest.csproj", "{1123DE3C-4650-4C19-A03E-C5D5ED1B5CE6}"
EndProject
Global
	GlobalSection(SolutionConfigurationPlatforms) = preSolution
		Debug|Any CPU = Debug|Any CPU
		Release|Any CPU = Release|Any CPU
	EndGlobalSection
	GlobalSection(ProjectConfigurationPlatforms) = postSolution
		{54BD9792-1145-4DE8-BD68-1F4EBFE55CA5}.Debug|Any CPU.ActiveCfg = Debug|Any CPU
		{54BD9792-1145-4DE8-BD68-1F4EBFE55CA5}.Debug|Any CPU.Build.0 = Debug|Any CPU
		{54BD9792-1145-4DE8-BD68-1F4EBFE55CA5}.Release|Any CPU.ActiveCfg = Release|Any CPU
		{54BD9792-1145-4DE8-BD68-1F4EBFE55CA5}.Release|Any CPU.Build.0 = Release|Any CPU
		{A1742098-7686-4776-AFBB-370120BD0E17}.Debug|Any CPU.ActiveCfg = Debug|Any CPU
		{A1742098-7686-4776-AFBB-370120BD0E17}.Debug|Any CPU.Build.0 = Debug|Any CPU
		{A1742098-7686-4776-AFBB-370120BD0E17}.Release|Any CPU.ActiveCfg = Release|Any CPU
		{A1742098-7686-4776-AFBB-370120BD0E17}.Release|Any CPU.Build.0 = Release|Any CPU
		{291EAAFA-7712-4B5E-9B9E-748019499158}.Debug|Any CPU.ActiveCfg = Debug|Any CPU
		{291EAAFA-7712-4B5E-9B9E-748019499158}.Debug|Any CPU.Build.0 = Debug|Any CPU
		{291EAAFA-7712-4B5E-9B9E-748019499158}.Release|Any CPU.ActiveCfg = Release|Any CPU
		{291EAAFA-7712-4B5E-9B9E-748019499158}.Release|Any CPU.Build.0 = Release|Any CPU
		{6197BA92-DD27-4557-957E-F552FE7EA6AF}.Debug|Any CPU.ActiveCfg = Debug|Any CPU
		{6197BA92-DD27-4557-957E-F552FE7EA6AF}.Debug|Any CPU.Build.0 = Debug|Any CPU
		{6197BA92-DD27-4557-957E-F552FE7EA6AF}.Release|Any CPU.ActiveCfg = Release|Any CPU
		{6197BA92-DD27-4557-957E-F552FE7EA6AF}.Release|Any CPU.Build.0 = Release|Any CPU
		{218743D2-074D-4BA7-ADF8-D3D8AA251EB3}.Debug|Any CPU.ActiveCfg = Debug|Any CPU
		{218743D2-074D-4BA7-ADF8-D3D8AA251EB3}.Debug|Any CPU.Build.0 = Debug|Any CPU
		{218743D2-074D-4BA7-ADF8-D3D8AA251EB3}.Release|Any CPU.ActiveCfg = Release|Any CPU
		{218743D2-074D-4BA7-ADF8-D3D8AA251EB3}.Release|Any CPU.Build.0 = Release|Any CPU
		{AC901C81-1153-4F6F-9540-9DB84777150F}.Debug|Any CPU.ActiveCfg = Debug|Any CPU
		{AC901C81-1153-4F6F-9540-9DB84777150F}.Debug|Any CPU.Build.0 = Debug|Any CPU
		{AC901C81-1153-4F6F-9540-9DB84777150F}.Release|Any CPU.ActiveCfg = Release|Any CPU
		{AC901C81-1153-4F6F-9540-9DB84777150F}.Release|Any CPU.Build.0 = Release|Any CPU
		{3E1FD770-F847-4578-A5B6-A98879263814}.Debug|Any CPU.ActiveCfg = Debug|Any CPU
		{3E1FD770-F847-4578-A5B6-A98879263814}.Debug|Any CPU.Build.0 = Debug|Any CPU
		{3E1FD770-F847-4578-A5B6-A98879263814}.Release|Any CPU.ActiveCfg = Release|Any CPU
		{3E1FD770-F847-4578-A5B6-A98879263814}.Release|Any CPU.Build.0 = Release|Any CPU
		{18137088-0A02-419F-BCFC-10EFAD3476C0}.Debug|Any CPU.ActiveCfg = Debug|Any CPU
		{18137088-0A02-419F-BCFC-10EFAD3476C0}.Debug|Any CPU.Build.0 = Debug|Any CPU
		{18137088-0A02-419F-BCFC-10EFAD3476C0}.Release|Any CPU.ActiveCfg = Release|Any CPU
		{18137088-0A02-419F-BCFC-10EFAD3476C0}.Release|Any CPU.Build.0 = Release|Any CPU
		{1123DE3C-4650-4C19-A03E-C5D5ED1B5CE6}.Debug|Any CPU.ActiveCfg = Debug|Any CPU
		{1123DE3C-4650-4C19-A03E-C5D5ED1B5CE6}.Debug|Any CPU.Build.0 = Debug|Any CPU
		{1123DE3C-4650-4C19-A03E-C5D5ED1B5CE6}.Release|Any CPU.ActiveCfg = Release|Any CPU
		{1123DE3C-4650-4C19-A03E-C5D5ED1B5CE6}.Release|Any CPU.Build.0 = Release|Any CPU
	EndGlobalSection
	GlobalSection(SolutionProperties) = preSolution
		HideSolutionNode = FALSE
	EndGlobalSection
	GlobalSection(ExtensibilityGlobals) = postSolution
		SolutionGuid = {278600B7-EE0C-424A-A4B8-D99964DCF98B}
	EndGlobalSection
EndGlobal
